
Microsoft Visual Studio Solution File, Format Version 12.00
# Visual Studio Version 17
VisualStudioVersion = 17.0.31903.59
MinimumVisualStudioVersion = 10.0.40219.1
Project("{888888A0-9F3D-457C-B088-3A5042F75D52}") = "Robot", "Robot.pyproj", "{BC0CABD9-9499-489D-B588-41E9F313C555}"
EndProject
Global
	GlobalSection(SolutionConfigurationPlatforms) = preSolution
		Debug|Any CPU = Debug|Any CPU
		Release|Any CPU = Release|Any CPU
	EndGlobalSection
	GlobalSection(ProjectConfigurationPlatforms) = postSolution
		{BC0CABD9-9499-489D-B588-41E9F313C555}.Debug|Any CPU.ActiveCfg = Debug|Any CPU
		{BC0CABD9-9499-489D-B588-41E9F313C555}.Release|Any CPU.ActiveCfg = Release|Any CPU
	EndGlobalSection
	GlobalSection(SolutionProperties) = preSolution
		HideSolutionNode = FALSE
	EndGlobalSection
	GlobalSection(ExtensibilityGlobals) = postSolution
		SolutionGuid = {AD36A175-D0C4-4315-88ED-AC1ADD66CF72}
	EndGlobalSection
EndGlobal
